// !$*UTF8*$!
{
	archiveVersion = 1;
	classes = {
	};
	objectVersion = 46;
	objects = {

/* Begin PBXBuildFile section */
		A84E0258196D121A00192EF2 /* JSON2Anything.swift in Sources */ = {isa = PBXBuildFile; fileRef = A8E2F151196AA0D9007A8224 /* JSON2Anything.swift */; };
		A84E0259196D122700192EF2 /* NSObject+J2A.swift in Sources */ = {isa = PBXBuildFile; fileRef = A8608D3A196C22D100D25FA9 /* NSObject+J2A.swift */; };
		A84E025A196D122D00192EF2 /* J2AInvocation.swift in Sources */ = {isa = PBXBuildFile; fileRef = A8E2F156196AA0D9007A8224 /* J2AInvocation.swift */; };
		A84E025B196D123800192EF2 /* Swift+J2A.swift in Sources */ = {isa = PBXBuildFile; fileRef = A8608D3B196C22D100D25FA9 /* Swift+J2A.swift */; };
		A84E025C196D124000192EF2 /* CGGeometry+J2A.swift in Sources */ = {isa = PBXBuildFile; fileRef = A8608D39196C22D100D25FA9 /* CGGeometry+J2A.swift */; };
		A84E025E196D183D00192EF2 /* ViewController.swift in Sources */ = {isa = PBXBuildFile; fileRef = A84E025D196D183D00192EF2 /* ViewController.swift */; };
		A84E0262196D195C00192EF2 /* view1.json in Resources */ = {isa = PBXBuildFile; fileRef = A84E025F196D195C00192EF2 /* view1.json */; };
		A84E0263196D195C00192EF2 /* view2.json in Resources */ = {isa = PBXBuildFile; fileRef = A84E0260196D195C00192EF2 /* view2.json */; };
		A84E0264196D195C00192EF2 /* view3.json in Resources */ = {isa = PBXBuildFile; fileRef = A84E0261196D195C00192EF2 /* view3.json */; };
		A8608D42196C22F500D25FA9 /* J2AInvocation.m in Sources */ = {isa = PBXBuildFile; fileRef = A8608D41196C22F500D25FA9 /* J2AInvocation.m */; };
		A8608D45196C255300D25FA9 /* AppDelegate.swift in Sources */ = {isa = PBXBuildFile; fileRef = A8608D44196C255300D25FA9 /* AppDelegate.swift */; };
		A8E2F136196AA076007A8224 /* Images.xcassets in Resources */ = {isa = PBXBuildFile; fileRef = A8E2F135196AA076007A8224 /* Images.xcassets */; };
		A8E2F142196AA076007A8224 /* JSON2AnythingTests.swift in Sources */ = {isa = PBXBuildFile; fileRef = A8E2F141196AA076007A8224 /* JSON2AnythingTests.swift */; };
/* End PBXBuildFile section */

/* Begin PBXContainerItemProxy section */
		A8E2F13C196AA076007A8224 /* PBXContainerItemProxy */ = {
			isa = PBXContainerItemProxy;
			containerPortal = A8E2F126196AA076007A8224 /* Project object */;
			proxyType = 1;
			remoteGlobalIDString = A8E2F12D196AA076007A8224;
			remoteInfo = JSON2Anything;
		};
/* End PBXContainerItemProxy section */

/* Begin PBXFileReference section */
		A84E025D196D183D00192EF2 /* ViewController.swift */ = {isa = PBXFileReference; fileEncoding = 4; lastKnownFileType = sourcecode.swift; path = ViewController.swift; sourceTree = "<group>"; };
		A84E025F196D195C00192EF2 /* view1.json */ = {isa = PBXFileReference; fileEncoding = 4; lastKnownFileType = text.json; path = view1.json; sourceTree = "<group>"; };
		A84E0260196D195C00192EF2 /* view2.json */ = {isa = PBXFileReference; fileEncoding = 4; lastKnownFileType = text.json; path = view2.json; sourceTree = "<group>"; };
		A84E0261196D195C00192EF2 /* view3.json */ = {isa = PBXFileReference; fileEncoding = 4; lastKnownFileType = text.json; path = view3.json; sourceTree = "<group>"; };
		A8608D39196C22D100D25FA9 /* CGGeometry+J2A.swift */ = {isa = PBXFileReference; fileEncoding = 4; lastKnownFileType = sourcecode.swift; path = "CGGeometry+J2A.swift"; sourceTree = "<group>"; };
		A8608D3A196C22D100D25FA9 /* NSObject+J2A.swift */ = {isa = PBXFileReference; fileEncoding = 4; lastKnownFileType = sourcecode.swift; path = "NSObject+J2A.swift"; sourceTree = "<group>"; };
		A8608D3B196C22D100D25FA9 /* Swift+J2A.swift */ = {isa = PBXFileReference; fileEncoding = 4; lastKnownFileType = sourcecode.swift; path = "Swift+J2A.swift"; sourceTree = "<group>"; };
		A8608D40196C22F500D25FA9 /* J2AInvocation.h */ = {isa = PBXFileReference; fileEncoding = 4; lastKnownFileType = sourcecode.c.h; path = J2AInvocation.h; sourceTree = "<group>"; };
		A8608D41196C22F500D25FA9 /* J2AInvocation.m */ = {isa = PBXFileReference; fileEncoding = 4; lastKnownFileType = sourcecode.c.objc; path = J2AInvocation.m; sourceTree = "<group>"; };
		A8608D44196C255300D25FA9 /* AppDelegate.swift */ = {isa = PBXFileReference; fileEncoding = 4; lastKnownFileType = sourcecode.swift; path = AppDelegate.swift; sourceTree = "<group>"; };
		A8E2F12E196AA076007A8224 /* JSON2Anything.app */ = {isa = PBXFileReference; explicitFileType = wrapper.application; includeInIndex = 0; path = JSON2Anything.app; sourceTree = BUILT_PRODUCTS_DIR; };
		A8E2F132196AA076007A8224 /* Info.plist */ = {isa = PBXFileReference; lastKnownFileType = text.plist.xml; path = Info.plist; sourceTree = "<group>"; };
		A8E2F135196AA076007A8224 /* Images.xcassets */ = {isa = PBXFileReference; lastKnownFileType = folder.assetcatalog; path = Images.xcassets; sourceTree = "<group>"; };
		A8E2F13B196AA076007A8224 /* JSON2AnythingTests.xctest */ = {isa = PBXFileReference; explicitFileType = wrapper.cfbundle; includeInIndex = 0; path = JSON2AnythingTests.xctest; sourceTree = BUILT_PRODUCTS_DIR; };
		A8E2F140196AA076007A8224 /* Info.plist */ = {isa = PBXFileReference; lastKnownFileType = text.plist.xml; path = Info.plist; sourceTree = "<group>"; };
		A8E2F141196AA076007A8224 /* JSON2AnythingTests.swift */ = {isa = PBXFileReference; lastKnownFileType = sourcecode.swift; path = JSON2AnythingTests.swift; sourceTree = "<group>"; };
		A8E2F14C196AA0B9007A8224 /* JSON2Anything-Bridging-Header.h */ = {isa = PBXFileReference; lastKnownFileType = sourcecode.c.h; path = "JSON2Anything-Bridging-Header.h"; sourceTree = "<group>"; };
		A8E2F151196AA0D9007A8224 /* JSON2Anything.swift */ = {isa = PBXFileReference; fileEncoding = 4; lastKnownFileType = sourcecode.swift; path = JSON2Anything.swift; sourceTree = "<group>"; };
		A8E2F156196AA0D9007A8224 /* J2AInvocation.swift */ = {isa = PBXFileReference; fileEncoding = 4; lastKnownFileType = sourcecode.swift; path = J2AInvocation.swift; sourceTree = "<group>"; };
/* End PBXFileReference section */

/* Begin PBXFrameworksBuildPhase section */
		A8E2F12B196AA076007A8224 /* Frameworks */ = {
			isa = PBXFrameworksBuildPhase;
			buildActionMask = 2147483647;
			files = (
			);
			runOnlyForDeploymentPostprocessing = 0;
		};
		A8E2F138196AA076007A8224 /* Frameworks */ = {
			isa = PBXFrameworksBuildPhase;
			buildActionMask = 2147483647;
			files = (
			);
			runOnlyForDeploymentPostprocessing = 0;
		};
/* End PBXFrameworksBuildPhase section */

/* Begin PBXGroup section */
		A8608D38196C22D100D25FA9 /* Extensions */ = {
			isa = PBXGroup;
			children = (
				A8608D3B196C22D100D25FA9 /* Swift+J2A.swift */,
				A8608D3A196C22D100D25FA9 /* NSObject+J2A.swift */,
				A8608D39196C22D100D25FA9 /* CGGeometry+J2A.swift */,
			);
			path = Extensions;
			sourceTree = "<group>";
		};
		A8608D3F196C22F500D25FA9 /* Objective-C */ = {
			isa = PBXGroup;
			children = (
				A8608D40196C22F500D25FA9 /* J2AInvocation.h */,
				A8608D41196C22F500D25FA9 /* J2AInvocation.m */,
			);
			path = "Objective-C";
			sourceTree = "<group>";
		};
		A8608D43196C253600D25FA9 /* Sample */ = {
			isa = PBXGroup;
			children = (
				A84E025D196D183D00192EF2 /* ViewController.swift */,
				A8608D44196C255300D25FA9 /* AppDelegate.swift */,
				A8608D46196C256600D25FA9 /* Resource */,
			);
			path = Sample;
			sourceTree = "<group>";
		};
		A8608D46196C256600D25FA9 /* Resource */ = {
			isa = PBXGroup;
			children = (
				A84E025F196D195C00192EF2 /* view1.json */,
				A84E0260196D195C00192EF2 /* view2.json */,
				A84E0261196D195C00192EF2 /* view3.json */,
			);
			path = Resource;
			sourceTree = "<group>";
		};
		A8E2F125196AA076007A8224 = {
			isa = PBXGroup;
			children = (
				A8E2F130196AA076007A8224 /* JSON2Anything */,
				A8E2F13E196AA076007A8224 /* JSON2AnythingTests */,
				A8E2F12F196AA076007A8224 /* Products */,
			);
			sourceTree = "<group>";
		};
		A8E2F12F196AA076007A8224 /* Products */ = {
			isa = PBXGroup;
			children = (
				A8E2F12E196AA076007A8224 /* JSON2Anything.app */,
				A8E2F13B196AA076007A8224 /* JSON2AnythingTests.xctest */,
			);
			name = Products;
			sourceTree = "<group>";
		};
		A8E2F130196AA076007A8224 /* JSON2Anything */ = {
			isa = PBXGroup;
			children = (
				A8608D43196C253600D25FA9 /* Sample */,
				A8E2F14B196AA092007A8224 /* Source */,
				A8E2F135196AA076007A8224 /* Images.xcassets */,
				A8E2F131196AA076007A8224 /* Supporting Files */,
			);
			path = JSON2Anything;
			sourceTree = "<group>";
		};
		A8E2F131196AA076007A8224 /* Supporting Files */ = {
			isa = PBXGroup;
			children = (
				A8E2F132196AA076007A8224 /* Info.plist */,
			);
			name = "Supporting Files";
			sourceTree = "<group>";
		};
		A8E2F13E196AA076007A8224 /* JSON2AnythingTests */ = {
			isa = PBXGroup;
			children = (
				A8E2F141196AA076007A8224 /* JSON2AnythingTests.swift */,
				A8E2F13F196AA076007A8224 /* Supporting Files */,
			);
			path = JSON2AnythingTests;
			sourceTree = "<group>";
		};
		A8E2F13F196AA076007A8224 /* Supporting Files */ = {
			isa = PBXGroup;
			children = (
				A8E2F140196AA076007A8224 /* Info.plist */,
			);
			name = "Supporting Files";
			sourceTree = "<group>";
		};
		A8E2F14B196AA092007A8224 /* Source */ = {
			isa = PBXGroup;
			children = (
				A8E2F156196AA0D9007A8224 /* J2AInvocation.swift */,
				A8E2F151196AA0D9007A8224 /* JSON2Anything.swift */,
				A8608D3F196C22F500D25FA9 /* Objective-C */,
				A8608D38196C22D100D25FA9 /* Extensions */,
				A8E2F14C196AA0B9007A8224 /* JSON2Anything-Bridging-Header.h */,
			);
			path = Source;
			sourceTree = "<group>";
		};
/* End PBXGroup section */

/* Begin PBXNativeTarget section */
		A8E2F12D196AA076007A8224 /* JSON2Anything */ = {
			isa = PBXNativeTarget;
			buildConfigurationList = A8E2F145196AA076007A8224 /* Build configuration list for PBXNativeTarget "JSON2Anything" */;
			buildPhases = (
				A8E2F12A196AA076007A8224 /* Sources */,
				A8E2F12B196AA076007A8224 /* Frameworks */,
				A8E2F12C196AA076007A8224 /* Resources */,
			);
			buildRules = (
			);
			dependencies = (
			);
			name = JSON2Anything;
			productName = JSON2Anything;
			productReference = A8E2F12E196AA076007A8224 /* JSON2Anything.app */;
			productType = "com.apple.product-type.application";
		};
		A8E2F13A196AA076007A8224 /* JSON2AnythingTests */ = {
			isa = PBXNativeTarget;
			buildConfigurationList = A8E2F148196AA076007A8224 /* Build configuration list for PBXNativeTarget "JSON2AnythingTests" */;
			buildPhases = (
				A8E2F137196AA076007A8224 /* Sources */,
				A8E2F138196AA076007A8224 /* Frameworks */,
				A8E2F139196AA076007A8224 /* Resources */,
			);
			buildRules = (
			);
			dependencies = (
				A8E2F13D196AA076007A8224 /* PBXTargetDependency */,
			);
			name = JSON2AnythingTests;
			productName = JSON2AnythingTests;
			productReference = A8E2F13B196AA076007A8224 /* JSON2AnythingTests.xctest */;
			productType = "com.apple.product-type.bundle.unit-test";
		};
/* End PBXNativeTarget section */

/* Begin PBXProject section */
		A8E2F126196AA076007A8224 /* Project object */ = {
			isa = PBXProject;
			attributes = {
				LastUpgradeCheck = 0600;
				ORGANIZATIONNAME = JSON2Anything;
				TargetAttributes = {
					A8E2F12D196AA076007A8224 = {
						CreatedOnToolsVersion = 6.0;
					};
					A8E2F13A196AA076007A8224 = {
						CreatedOnToolsVersion = 6.0;
						TestTargetID = A8E2F12D196AA076007A8224;
					};
				};
			};
			buildConfigurationList = A8E2F129196AA076007A8224 /* Build configuration list for PBXProject "JSON2Anything" */;
			compatibilityVersion = "Xcode 3.2";
			developmentRegion = English;
			hasScannedForEncodings = 0;
			knownRegions = (
				en,
			);
			mainGroup = A8E2F125196AA076007A8224;
			productRefGroup = A8E2F12F196AA076007A8224 /* Products */;
			projectDirPath = "";
			projectRoot = "";
			targets = (
				A8E2F12D196AA076007A8224 /* JSON2Anything */,
				A8E2F13A196AA076007A8224 /* JSON2AnythingTests */,
			);
		};
/* End PBXProject section */

/* Begin PBXResourcesBuildPhase section */
		A8E2F12C196AA076007A8224 /* Resources */ = {
			isa = PBXResourcesBuildPhase;
			buildActionMask = 2147483647;
			files = (
				A8E2F136196AA076007A8224 /* Images.xcassets in Resources */,
				A84E0263196D195C00192EF2 /* view2.json in Resources */,
				A84E0262196D195C00192EF2 /* view1.json in Resources */,
				A84E0264196D195C00192EF2 /* view3.json in Resources */,
			);
			runOnlyForDeploymentPostprocessing = 0;
		};
		A8E2F139196AA076007A8224 /* Resources */ = {
			isa = PBXResourcesBuildPhase;
			buildActionMask = 2147483647;
			files = (
			);
			runOnlyForDeploymentPostprocessing = 0;
		};
/* End PBXResourcesBuildPhase section */

/* Begin PBXSourcesBuildPhase section */
		A8E2F12A196AA076007A8224 /* Sources */ = {
			isa = PBXSourcesBuildPhase;
			buildActionMask = 2147483647;
			files = (
				A84E025B196D123800192EF2 /* Swift+J2A.swift in Sources */,
				A84E0259196D122700192EF2 /* NSObject+J2A.swift in Sources */,
				A84E025A196D122D00192EF2 /* J2AInvocation.swift in Sources */,
				A84E0258196D121A00192EF2 /* JSON2Anything.swift in Sources */,
				A8608D42196C22F500D25FA9 /* J2AInvocation.m in Sources */,
				A84E025C196D124000192EF2 /* CGGeometry+J2A.swift in Sources */,
				A84E025E196D183D00192EF2 /* ViewController.swift in Sources */,
				A8608D45196C255300D25FA9 /* AppDelegate.swift in Sources */,
			);
			runOnlyForDeploymentPostprocessing = 0;
		};
		A8E2F137196AA076007A8224 /* Sources */ = {
			isa = PBXSourcesBuildPhase;
			buildActionMask = 2147483647;
			files = (
				A8E2F142196AA076007A8224 /* JSON2AnythingTests.swift in Sources */,
			);
			runOnlyForDeploymentPostprocessing = 0;
		};
/* End PBXSourcesBuildPhase section */

/* Begin PBXTargetDependency section */
		A8E2F13D196AA076007A8224 /* PBXTargetDependency */ = {
			isa = PBXTargetDependency;
			target = A8E2F12D196AA076007A8224 /* JSON2Anything */;
			targetProxy = A8E2F13C196AA076007A8224 /* PBXContainerItemProxy */;
		};
/* End PBXTargetDependency section */

/* Begin XCBuildConfiguration section */
		A8E2F143196AA076007A8224 /* Debug */ = {
			isa = XCBuildConfiguration;
			buildSettings = {
				ALWAYS_SEARCH_USER_PATHS = NO;
				CLANG_CXX_LANGUAGE_STANDARD = "gnu++0x";
				CLANG_CXX_LIBRARY = "libc++";
				CLANG_ENABLE_MODULES = YES;
				CLANG_ENABLE_OBJC_ARC = YES;
				CLANG_WARN_BOOL_CONVERSION = YES;
				CLANG_WARN_CONSTANT_CONVERSION = YES;
				CLANG_WARN_DIRECT_OBJC_ISA_USAGE = YES_ERROR;
				CLANG_WARN_EMPTY_BODY = YES;
				CLANG_WARN_ENUM_CONVERSION = YES;
				CLANG_WARN_INT_CONVERSION = YES;
				CLANG_WARN_OBJC_ROOT_CLASS = YES_ERROR;
				CLANG_WARN_UNREACHABLE_CODE = YES;
				CLANG_WARN__DUPLICATE_METHOD_MATCH = YES;
				"CODE_SIGN_IDENTITY[sdk=iphoneos*]" = "iPhone Developer";
				COPY_PHASE_STRIP = NO;
				ENABLE_STRICT_OBJC_MSGSEND = YES;
				GCC_C_LANGUAGE_STANDARD = gnu99;
				GCC_DYNAMIC_NO_PIC = NO;
				GCC_OPTIMIZATION_LEVEL = 0;
				GCC_PREPROCESSOR_DEFINITIONS = (
					"DEBUG=1",
					"$(inherited)",
				);
				GCC_SYMBOLS_PRIVATE_EXTERN = NO;
				GCC_WARN_64_TO_32_BIT_CONVERSION = YES;
				GCC_WARN_ABOUT_RETURN_TYPE = YES_ERROR;
				GCC_WARN_UNDECLARED_SELECTOR = YES;
				GCC_WARN_UNINITIALIZED_AUTOS = YES_AGGRESSIVE;
				GCC_WARN_UNUSED_FUNCTION = YES;
				GCC_WARN_UNUSED_VARIABLE = YES;
				IPHONEOS_DEPLOYMENT_TARGET = 7.0;
				METAL_ENABLE_DEBUG_INFO = YES;
				ONLY_ACTIVE_ARCH = YES;
				SDKROOT = iphoneos;
				SWIFT_OPTIMIZATION_LEVEL = "-Onone";
				TARGETED_DEVICE_FAMILY = "1,2";
			};
			name = Debug;
		};
		A8E2F144196AA076007A8224 /* Release */ = {
			isa = XCBuildConfiguration;
			buildSettings = {
				ALWAYS_SEARCH_USER_PATHS = NO;
				CLANG_CXX_LANGUAGE_STANDARD = "gnu++0x";
				CLANG_CXX_LIBRARY = "libc++";
				CLANG_ENABLE_MODULES = YES;
				CLANG_ENABLE_OBJC_ARC = YES;
				CLANG_WARN_BOOL_CONVERSION = YES;
				CLANG_WARN_CONSTANT_CONVERSION = YES;
				CLANG_WARN_DIRECT_OBJC_ISA_USAGE = YES_ERROR;
				CLANG_WARN_EMPTY_BODY = YES;
				CLANG_WARN_ENUM_CONVERSION = YES;
				CLANG_WARN_INT_CONVERSION = YES;
				CLANG_WARN_OBJC_ROOT_CLASS = YES_ERROR;
				CLANG_WARN_UNREACHABLE_CODE = YES;
				CLANG_WARN__DUPLICATE_METHOD_MATCH = YES;
				"CODE_SIGN_IDENTITY[sdk=iphoneos*]" = "iPhone Developer";
				COPY_PHASE_STRIP = YES;
				ENABLE_NS_ASSERTIONS = NO;
				ENABLE_STRICT_OBJC_MSGSEND = YES;
				GCC_C_LANGUAGE_STANDARD = gnu99;
				GCC_WARN_64_TO_32_BIT_CONVERSION = YES;
				GCC_WARN_ABOUT_RETURN_TYPE = YES_ERROR;
				GCC_WARN_UNDECLARED_SELECTOR = YES;
				GCC_WARN_UNINITIALIZED_AUTOS = YES_AGGRESSIVE;
				GCC_WARN_UNUSED_FUNCTION = YES;
				GCC_WARN_UNUSED_VARIABLE = YES;
				IPHONEOS_DEPLOYMENT_TARGET = 7.0;
				METAL_ENABLE_DEBUG_INFO = NO;
				SDKROOT = iphoneos;
				TARGETED_DEVICE_FAMILY = "1,2";
				VALIDATE_PRODUCT = YES;
			};
			name = Release;
		};
		A8E2F146196AA076007A8224 /* Debug */ = {
			isa = XCBuildConfiguration;
			buildSettings = {
				ASSETCATALOG_COMPILER_APPICON_NAME = AppIcon;
				ASSETCATALOG_COMPILER_LAUNCHIMAGE_NAME = LaunchImage;
				CLANG_ENABLE_MODULES = YES;
				INFOPLIST_FILE = JSON2Anything/Info.plist;
				LD_RUNPATH_SEARCH_PATHS = "$(inherited) @executable_path/Frameworks";
				PRODUCT_NAME = "$(TARGET_NAME)";
				SWIFT_OBJC_BRIDGING_HEADER = "JSON2Anything/Source/JSON2Anything-Bridging-Header.h";
				SWIFT_OPTIMIZATION_LEVEL = "-Onone";
			};
			name = Debug;
		};
		A8E2F147196AA076007A8224 /* Release */ = {
			isa = XCBuildConfiguration;
			buildSettings = {
				ASSETCATALOG_COMPILER_APPICON_NAME = AppIcon;
				ASSETCATALOG_COMPILER_LAUNCHIMAGE_NAME = LaunchImage;
				CLANG_ENABLE_MODULES = YES;
				INFOPLIST_FILE = JSON2Anything/Info.plist;
				LD_RUNPATH_SEARCH_PATHS = "$(inherited) @executable_path/Frameworks";
				PRODUCT_NAME = "$(TARGET_NAME)";
				SWIFT_OBJC_BRIDGING_HEADER = "JSON2Anything/Source/JSON2Anything-Bridging-Header.h";
			};
			name = Release;
		};
		A8E2F149196AA076007A8224 /* Debug */ = {
			isa = XCBuildConfiguration;
			buildSettings = {
				BUNDLE_LOADER = "$(BUILT_PRODUCTS_DIR)/JSON2Anything.app/JSON2Anything";
				FRAMEWORK_SEARCH_PATHS = (
					"$(SDKROOT)/Developer/Library/Frameworks",
					"$(inherited)",
				);
				GCC_PREPROCESSOR_DEFINITIONS = (
					"DEBUG=1",
					"$(inherited)",
				);
				INFOPLIST_FILE = JSON2AnythingTests/Info.plist;
				LD_RUNPATH_SEARCH_PATHS = "$(inherited) @executable_path/Frameworks @loader_path/Frameworks";
				METAL_ENABLE_DEBUG_INFO = YES;
				PRODUCT_NAME = "$(TARGET_NAME)";
				TEST_HOST = "$(BUNDLE_LOADER)";
			};
			name = Debug;
		};
		A8E2F14A196AA076007A8224 /* Release */ = {
			isa = XCBuildConfiguration;
			buildSettings = {
				BUNDLE_LOADER = "$(BUILT_PRODUCTS_DIR)/JSON2Anything.app/JSON2Anything";
				FRAMEWORK_SEARCH_PATHS = (
					"$(SDKROOT)/Developer/Library/Frameworks",
					"$(inherited)",
				);
				INFOPLIST_FILE = JSON2AnythingTests/Info.plist;
				LD_RUNPATH_SEARCH_PATHS = "$(inherited) @executable_path/Frameworks @loader_path/Frameworks";
				METAL_ENABLE_DEBUG_INFO = NO;
				PRODUCT_NAME = "$(TARGET_NAME)";
				TEST_HOST = "$(BUNDLE_LOADER)";
			};
			name = Release;
		};
/* End XCBuildConfiguration section */

/* Begin XCConfigurationList section */
		A8E2F129196AA076007A8224 /* Build configuration list for PBXProject "JSON2Anything" */ = {
			isa = XCConfigurationList;
			buildConfigurations = (
				A8E2F143196AA076007A8224 /* Debug */,
				A8E2F144196AA076007A8224 /* Release */,
			);
			defaultConfigurationIsVisible = 0;
			defaultConfigurationName = Release;
		};
		A8E2F145196AA076007A8224 /* Build configuration list for PBXNativeTarget "JSON2Anything" */ = {
			isa = XCConfigurationList;
			buildConfigurations = (
				A8E2F146196AA076007A8224 /* Debug */,
				A8E2F147196AA076007A8224 /* Release */,
			);
			defaultConfigurationIsVisible = 0;
			defaultConfigurationName = Release;
		};
		A8E2F148196AA076007A8224 /* Build configuration list for PBXNativeTarget "JSON2AnythingTests" */ = {
			isa = XCConfigurationList;
			buildConfigurations = (
				A8E2F149196AA076007A8224 /* Debug */,
				A8E2F14A196AA076007A8224 /* Release */,
			);
			defaultConfigurationIsVisible = 0;
			defaultConfigurationName = Release;
		};
/* End XCConfigurationList section */
	};
	rootObject = A8E2F126196AA076007A8224 /* Project object */;
}
